version = 1
revision = 3
requires-python = ">=3.14"
resolution-markers = [
    "sys_platform == 'win32'",
    "sys_platform == 'emscripten'",
    "sys_platform != 'emscripten' and sys_platform != 'win32'",
]

[[package]]
name = "altgraph"
version = "0.17.5"
source = { registry = "https://pypi.org/simple" }
sdist = { url = "https://files.pythonhosted.org/packages/7e/f8/97fdf103f38fed6792a1601dbc16cc8aac56e7459a9fff08c812d8ae177a/altgraph-0.17.5.tar.gz", hash = "sha256:c87b395dd12fabde9c99573a9749d67da8d29ef9de0125c7f536699b4a9bc9e7", size = 48428, upload-time = "2025-11-21T20:35:50.583Z" }
wheels = [
    { url = "https://files.pythonhosted.org/packages/a9/ba/000a1996d4308bc65120167c21241a3b205464a2e0b58deda26ae8ac21d1/altgraph-0.17.5-py2.py3-none-any.whl", hash = "sha256:f3a22400bce1b0c701683820ac4f3b159cd301acab067c51c653e06961600597", size = 21228, upload-time = "2025-11-21T20:35:49.444Z" },
]

[[package]]
name = "autoparser"
version = "0.1.0"
source = { virtual = "." }
dependencies = [
    { name = "openpyxl" },
    { name = "pandas" },
    { name = "pyinstaller" },
    { name = "regex" },
    { name = "strenum" },
    { name = "xlsxwriter" },
]

[package.metadata]
requires-dist = [
    { name = "openpyxl", specifier = ">=3.1.5" },
    { name = "pandas", specifier = ">=3.0.1" },
    { name = "pyinstaller", specifier = ">=6.19.0" },
    { name = "regex", specifier = ">=2026.2.28" },
    { name = "strenum", specifier = ">=0.4.15" },
    { name = "xlsxwriter", specifier = ">=3.2.9" },
]

[[package]]
name = "et-xmlfile"
version = "2.0.0"
source = { registry = "https://pypi.org/simple" }
sdist = { url = "https://files.pythonhosted.org/packages/d3/38/af70d7ab1ae9d4da450eeec1fa3918940a5fafb9055e934af8d6eb0c2313/et_xmlfile-2.0.0.tar.gz", hash = "sha256:dab3f4764309081ce75662649be815c4c9081e88f0837825f90fd28317d4da54", size = 17234, upload-time = "2024-10-25T17:25:40.039Z" }
wheels = [
    { url = "https://files.pythonhosted.org/packages/c1/8b/5fe2cc11fee489817272089c4203e679c63b570a5aaeb18d852ae3cbba6a/et_xmlfile-2.0.0-py3-none-any.whl", hash = "sha256:7a91720bc756843502c3b7504c77b8fe44217c85c537d85037f0f536151b2caa", size = 18059, upload-time = "2024-10-25T17:25:39.051Z" },
]

[[package]]
name = "macholib"
version = "1.16.4"
source = { registry = "https://pypi.org/simple" }
dependencies = [
    { name = "altgraph", marker = "sys_platform != 'emscripten' and sys_platform != 'win32'" },
]
sdist = { url = "https://files.pythonhosted.org/packages/10/2f/97589876ea967487978071c9042518d28b958d87b17dceb7cdc1d881f963/macholib-1.16.4.tar.gz", hash = "sha256:f408c93ab2e995cd2c46e34fe328b130404be143469e41bc366c807448979362", size = 59427, upload-time = "2025-11-22T08:28:38.373Z" }
wheels = [
    { url = "https://files.pythonhosted.org/packages/c7/d1/a9f36f8ecdf0fb7c9b1e78c8d7af12b8c8754e74851ac7b94a8305540fc7/macholib-1.16.4-py2.py3-none-any.whl", hash = "sha256:da1a3fa8266e30f0ce7e97c6a54eefaae8edd1e5f86f3eb8b95457cae90265ea", size = 38117, upload-time = "2025-11-22T08:28:36.939Z" },
]

[[package]]
name = "numpy"
version = "2.4.3"
source = { registry = "https://pypi.org/simple" }
sdist = { url = "https://files.pythonhosted.org/packages/10/8b/c265f4823726ab832de836cdd184d0986dcf94480f81e8739692a7ac7af2/numpy-2.4.3.tar.gz", hash = "sha256:483a201202b73495f00dbc83796c6ae63137a9bdade074f7648b3e32613412dd", size = 20727743, upload-time = "2026-03-09T07:58:53.426Z" }
wheels = [
    { url = "https://files.pythonhosted.org/packages/70/ae/3936f79adebf8caf81bd7a599b90a561334a658be4dcc7b6329ebf4ee8de/numpy-2.4.3-cp314-cp314-macosx_10_15_x86_64.whl", hash = "sha256:5884ce5c7acfae1e4e1b6fde43797d10aa506074d25b531b4f54bde33c0c31d4", size = 16664563, upload-time = "2026-03-09T07:57:43.817Z" },
    { url = "https://files.pythonhosted.org/packages/9b/62/760f2b55866b496bb1fa7da2a6db076bef908110e568b02fcfc1422e2a3a/numpy-2.4.3-cp314-cp314-macosx_11_0_arm64.whl", hash = "sha256:297837823f5bc572c5f9379b0c9f3a3365f08492cbdc33bcc3af174372ebb168", size = 14702161, upload-time = "2026-03-09T07:57:46.169Z" },
    { url = "https://files.pythonhosted.org/packages/32/af/a7a39464e2c0a21526fb4fb76e346fb172ebc92f6d1c7a07c2c139cc17b1/numpy-2.4.3-cp314-cp314-macosx_14_0_arm64.whl", hash = "sha256:a111698b4a3f8dcbe54c64a7708f049355abd603e619013c346553c1fd4ca90b", size = 5208738, upload-time = "2026-03-09T07:57:48.506Z" },
    { url = "https://files.pythonhosted.org/packages/29/8c/2a0cf86a59558fa078d83805589c2de490f29ed4fb336c14313a161d358a/numpy-2.4.3-cp314-cp314-macosx_14_0_x86_64.whl", hash = "sha256:4bd4741a6a676770e0e97fe9ab2e51de01183df3dcbcec591d26d331a40de950", size = 6543618, upload-time = "2026-03-09T07:57:50.591Z" },
    { url = "https://files.pythonhosted.org/packages/aa/b8/612ce010c0728b1c363fa4ea3aa4c22fe1c5da1de008486f8c2f5cb92fae/numpy-2.4.3-cp314-cp314-manylinux_2_27_aarch64.manylinux_2_28_aarch64.whl", hash = "sha256:54f29b877279d51e210e0c80709ee14ccbbad647810e8f3d375561c45ef613dd", size = 15680676, upload-time = "2026-03-09T07:57:52.34Z" },
    { url = "https://files.pythonhosted.org/packages/a9/7e/4f120ecc54ba26ddf3dc348eeb9eb063f421de65c05fc961941798feea18/numpy-2.4.3-cp314-cp314-manylinux_2_27_x86_64.manylinux_2_28_x86_64.whl", hash = "sha256:679f2a834bae9020f81534671c56fd0cc76dd7e5182f57131478e23d0dc59e24", size = 16613492, upload-time = "2026-03-09T07:57:54.91Z" },
    { url = "https://files.pythonhosted.org/packages/2c/86/1b6020db73be330c4b45d5c6ee4295d59cfeef0e3ea323959d053e5a6909/numpy-2.4.3-cp314-cp314-musllinux_1_2_aarch64.whl", hash = "sha256:d84f0f881cb2225c2dfd7f78a10a5645d487a496c6668d6cc39f0f114164f3d0", size = 17031789, upload-time = "2026-03-09T07:57:57.641Z" },
    { url = "https://files.pythonhosted.org/packages/07/3a/3b90463bf41ebc21d1b7e06079f03070334374208c0f9a1f05e4ae8455e7/numpy-2.4.3-cp314-cp314-musllinux_1_2_x86_64.whl", hash = "sha256:d213c7e6e8d211888cc359bab7199670a00f5b82c0978b9d1c75baf1eddbeac0", size = 18339941, upload-time = "2026-03-09T07:58:00.577Z" },
    { url = "https://files.pythonhosted.org/packages/a8/74/6d736c4cd962259fd8bae9be27363eb4883a2f9069763747347544c2a487/numpy-2.4.3-cp314-cp314-win32.whl", hash = "sha256:52077feedeff7c76ed7c9f1a0428558e50825347b7545bbb8523da2cd55c547a", size = 6007503, upload-time = "2026-03-09T07:58:03.331Z" },
    { url = "https://files.pythonhosted.org/packages/48/39/c56ef87af669364356bb011922ef0734fc49dad51964568634c72a009488/numpy-2.4.3-cp314-cp314-win_amd64.whl", hash = "sha256:0448e7f9caefb34b4b7dd2b77f21e8906e5d6f0365ad525f9f4f530b13df2afc", size = 12444915, upload-time = "2026-03-09T07:58:06.353Z" },
    { url = "https://files.pythonhosted.org/packages/9d/1f/ab8528e38d295fd349310807496fabb7cf9fe2e1f70b97bc20a483ea9d4a/numpy-2.4.3-cp314-cp314-win_arm64.whl", hash = "sha256:b44fd60341c4d9783039598efadd03617fa28d041fc37d22b62d08f2027fa0e7", size = 10494875, upload-time = "2026-03-09T07:58:08.734Z" },
    { url = "https://files.pythonhosted.org/packages/e6/ef/b7c35e4d5ef141b836658ab21a66d1a573e15b335b1d111d31f26c8ef80f/numpy-2.4.3-cp314-cp314t-macosx_11_0_arm64.whl", hash = "sha256:0a195f4216be9305a73c0e91c9b026a35f2161237cf1c6de9b681637772ea657", size = 14822225, upload-time = "2026-03-09T07:58:11.034Z" },
    { url = "https://files.pythonhosted.org/packages/cd/8d/7730fa9278cf6648639946cc816e7cc89f0d891602584697923375f801ed/numpy-2.4.3-cp314-cp314t-macosx_14_0_arm64.whl", hash = "sha256:cd32fbacb9fd1bf041bf8e89e4576b6f00b895f06d00914820ae06a616bdfef7", size = 5328769, upload-time = "2026-03-09T07:58:13.67Z" },
    { url = "https://files.pythonhosted.org/packages/47/01/d2a137317c958b074d338807c1b6a383406cdf8b8e53b075d804cc3d211d/numpy-2.4.3-cp314-cp314t-macosx_14_0_x86_64.whl", hash = "sha256:2e03c05abaee1f672e9d67bc858f300b5ccba1c21397211e8d77d98350972093", size = 6649461, upload-time = "2026-03-09T07:58:15.912Z" },
    { url = "https://files.pythonhosted.org/packages/5c/34/812ce12bc0f00272a4b0ec0d713cd237cb390666eb6206323d1cc9cedbb2/numpy-2.4.3-cp314-cp314t-manylinux_2_27_aarch64.manylinux_2_28_aarch64.whl", hash = "sha256:7d1ce23cce91fcea443320a9d0ece9b9305d4368875bab09538f7a5b4131938a", size = 15725809, upload-time = "2026-03-09T07:58:17.787Z" },
    { url = "https://files.pythonhosted.org/packages/25/c0/2aed473a4823e905e765fee3dc2cbf504bd3e68ccb1150fbdabd5c39f527/numpy-2.4.3-cp314-cp314t-manylinux_2_27_x86_64.manylinux_2_28_x86_64.whl", hash = "sha256:c59020932feb24ed49ffd03704fbab89f22aa9c0d4b180ff45542fe8918f5611", size = 16655242, upload-time = "2026-03-09T07:58:20.476Z" },
    { url = "https://files.pythonhosted.org/packages/f2/c8/7e052b2fc87aa0e86de23f20e2c42bd261c624748aa8efd2c78f7bb8d8c6/numpy-2.4.3-cp314-cp314t-musllinux_1_2_aarch64.whl", hash = "sha256:9684823a78a6cd6ad7511fc5e25b07947d1d5b5e2812c93fe99d7d4195130720", size = 17080660, upload-time = "2026-03-09T07:58:23.067Z" },
    { url = "https://files.pythonhosted.org/packages/f3/3d/0876746044db2adcb11549f214d104f2e1be00f07a67edbb4e2812094847/numpy-2.4.3-cp314-cp314t-musllinux_1_2_x86_64.whl", hash = "sha256:0200b25c687033316fb39f0ff4e3e690e8957a2c3c8d22499891ec58c37a3eb5", size = 18380384, upload-time = "2026-03-09T07:58:25.839Z" },
    { url = "https://files.pythonhosted.org/packages/07/12/8160bea39da3335737b10308df4f484235fd297f556745f13092aa039d3b/numpy-2.4.3-cp314-cp314t-win32.whl", hash = "sha256:5e10da9e93247e554bb1d22f8edc51847ddd7dde52d85ce31024c1b4312bfba0", size = 6154547, upload-time = "2026-03-09T07:58:28.289Z" },
    { url = "https://files.pythonhosted.org/packages/42/f3/76534f61f80d74cc9cdf2e570d3d4eeb92c2280a27c39b0aaf471eda7b48/numpy-2.4.3-cp314-cp314t-win_amd64.whl", hash = "sha256:45f003dbdffb997a03da2d1d0cb41fbd24a87507fb41605c0420a3db5bd4667b", size = 12633645, upload-time = "2026-03-09T07:58:30.384Z" },
    { url = "https://files.pythonhosted.org/packages/1f/b6/7c0d4334c15983cec7f92a69e8ce9b1e6f31857e5ee3a413ac424e6bd63d/numpy-2.4.3-cp314-cp314t-win_arm64.whl", hash = "sha256:4d382735cecd7bcf090172489a525cd7d4087bc331f7df9f60ddc9a296cf208e", size = 10565454, upload-time = "2026-03-09T07:58:33.031Z" },
]

[[package]]
name = "openpyxl"
version = "3.1.5"
source = { registry = "https://pypi.org/simple" }
dependencies = [
    { name = "et-xmlfile" },
]
sdist = { url = "https://files.pythonhosted.org/packages/3d/f9/88d94a75de065ea32619465d2f77b29a0469500e99012523b91cc4141cd1/openpyxl-3.1.5.tar.gz", hash = "sha256:cf0e3cf56142039133628b5acffe8ef0c12bc902d2aadd3e0fe5878dc08d1050", size = 186464, upload-time = "2024-06-28T14:03:44.161Z" }
wheels = [
    { url = "https://files.pythonhosted.org/packages/c0/da/977ded879c29cbd04de313843e76868e6e13408a94ed6b987245dc7c8506/openpyxl-3.1.5-py2.py3-none-any.whl", hash = "sha256:5282c12b107bffeef825f4617dc029afaf41d0ea60823bbb665ef3079dc79de2", size = 250910, upload-time = "2024-06-28T14:03:41.161Z" },
]

[[package]]
name = "packaging"
version = "26.0"
source = { registry = "https://pypi.org/simple" }
sdist = { url = "https://files.pythonhosted.org/packages/65/ee/299d360cdc32edc7d2cf530f3accf79c4fca01e96ffc950d8a52213bd8e4/packaging-26.0.tar.gz", hash = "sha256:00243ae351a257117b6a241061796684b084ed1c516a08c48a3f7e147a9d80b4", size = 143416, upload-time = "2026-01-21T20:50:39.064Z" }
wheels = [
    { url = "https://files.pythonhosted.org/packages/b7/b9/c538f279a4e237a006a2c98387d081e9eb060d203d8ed34467cc0f0b9b53/packaging-26.0-py3-none-any.whl", hash = "sha256:b36f1fef9334a5588b4166f8bcd26a14e521f2b55e6b9de3aaa80d3ff7a37529", size = 74366, upload-time = "2026-01-21T20:50:37.788Z" },
]

[[package]]
name = "pandas"
version = "3.0.1"
source = { registry = "https://pypi.org/simple" }
dependencies = [
    { name = "numpy" },
    { name = "python-dateutil" },
    { name = "tzdata", marker = "sys_platform == 'emscripten' or sys_platform == 'win32'" },
]
sdist = { url = "https://files.pythonhosted.org/packages/2e/0c/b28ed414f080ee0ad153f848586d61d1878f91689950f037f976ce15f6c8/pandas-3.0.1.tar.gz", hash = "sha256:4186a699674af418f655dbd420ed87f50d56b4cd6603784279d9eef6627823c8", size = 4641901, upload-time = "2026-02-17T22:20:16.434Z" }
wheels = [
    { url = "https://files.pythonhosted.org/packages/bb/8b/4bb774a998b97e6c2fd62a9e6cfdaae133b636fd1c468f92afb4ae9a447a/pandas-3.0.1-cp314-cp314-macosx_10_15_x86_64.whl", hash = "sha256:99d0f92ed92d3083d140bf6b97774f9f13863924cf3f52a70711f4e7588f9d0a", size = 10322465, upload-time = "2026-02-17T22:19:36.803Z" },
    { url = "https://files.pythonhosted.org/packages/72/3a/5b39b51c64159f470f1ca3b1c2a87da290657ca022f7cd11442606f607d1/pandas-3.0.1-cp314-cp314-macosx_11_0_arm64.whl", hash = "sha256:3b66857e983208654294bb6477b8a63dee26b37bdd0eb34d010556e91261784f", size = 9910632, upload-time = "2026-02-17T22:19:39.001Z" },
    { url = "https://files.pythonhosted.org/packages/4e/f7/b449ffb3f68c11da12fc06fbf6d2fa3a41c41e17d0284d23a79e1c13a7e4/pandas-3.0.1-cp314-cp314-manylinux_2_24_aarch64.manylinux_2_28_aarch64.whl", hash = "sha256:56cf59638bf24dc9bdf2154c81e248b3289f9a09a6d04e63608c159022352749", size = 10440535, upload-time = "2026-02-17T22:19:41.157Z" },
    { url = "https://files.pythonhosted.org/packages/55/77/6ea82043db22cb0f2bbfe7198da3544000ddaadb12d26be36e19b03a2dc5/pandas-3.0.1-cp314-cp314-manylinux_2_24_x86_64.manylinux_2_28_x86_64.whl", hash = "sha256:c1a9f55e0f46951874b863d1f3906dcb57df2d9be5c5847ba4dfb55b2c815249", size = 10893940, upload-time = "2026-02-17T22:19:43.493Z" },
    { url = "https://files.pythonhosted.org/packages/03/30/f1b502a72468c89412c1b882a08f6eed8a4ee9dc033f35f65d0663df6081/pandas-3.0.1-cp314-cp314-musllinux_1_2_aarch64.whl", hash = "sha256:1849f0bba9c8a2fb0f691d492b834cc8dadf617e29015c66e989448d58d011ee", size = 11442711, upload-time = "2026-02-17T22:19:46.074Z" },
    { url = "https://files.pythonhosted.org/packages/0d/f0/ebb6ddd8fc049e98cabac5c2924d14d1dda26a20adb70d41ea2e428d3ec4/pandas-3.0.1-cp314-cp314-musllinux_1_2_x86_64.whl", hash = "sha256:c3d288439e11b5325b02ae6e9cc83e6805a62c40c5a6220bea9beb899c073b1c", size = 11963918, upload-time = "2026-02-17T22:19:48.838Z" },
    { url = "https://files.pythonhosted.org/packages/09/f8/8ce132104074f977f907442790eaae24e27bce3b3b454e82faa3237ff098/pandas-3.0.1-cp314-cp314-win_amd64.whl", hash = "sha256:93325b0fe372d192965f4cca88d97667f49557398bbf94abdda3bf1b591dbe66", size = 9862099, upload-time = "2026-02-17T22:19:51.081Z" },
    { url = "https://files.pythonhosted.org/packages/e6/b7/6af9aac41ef2456b768ef0ae60acf8abcebb450a52043d030a65b4b7c9bd/pandas-3.0.1-cp314-cp314-win_arm64.whl", hash = "sha256:97ca08674e3287c7148f4858b01136f8bdfe7202ad25ad04fec602dd1d29d132", size = 9185333, upload-time = "2026-02-17T22:19:53.266Z" },
    { url = "https://files.pythonhosted.org/packages/66/fc/848bb6710bc6061cb0c5badd65b92ff75c81302e0e31e496d00029fe4953/pandas-3.0.1-cp314-cp314t-macosx_10_15_x86_64.whl", hash = "sha256:58eeb1b2e0fb322befcf2bbc9ba0af41e616abadb3d3414a6bc7167f6cbfce32", size = 10772664, upload-time = "2026-02-17T22:19:55.806Z" },
    { url = "https://files.pythonhosted.org/packages/69/5c/866a9bbd0f79263b4b0db6ec1a341be13a1473323f05c122388e0f15b21d/pandas-3.0.1-cp314-cp314t-macosx_11_0_arm64.whl", hash = "sha256:cd9af1276b5ca9e298bd79a26bda32fa9cc87ed095b2a9a60978d2ca058eaf87", size = 10421286, upload-time = "2026-02-17T22:19:58.091Z" },
    { url = "https://files.pythonhosted.org/packages/51/a4/2058fb84fb1cfbfb2d4a6d485e1940bb4ad5716e539d779852494479c580/pandas-3.0.1-cp314-cp314t-manylinux_2_24_aarch64.manylinux_2_28_aarch64.whl", hash = "sha256:94f87a04984d6b63788327cd9f79dda62b7f9043909d2440ceccf709249ca988", size = 10342050, upload-time = "2026-02-17T22:20:01.376Z" },
    { url = "https://files.pythonhosted.org/packages/22/1b/674e89996cc4be74db3c4eb09240c4bb549865c9c3f5d9b086ff8fcfbf00/pandas-3.0.1-cp314-cp314t-manylinux_2_24_x86_64.manylinux_2_28_x86_64.whl", hash = "sha256:85fe4c4df62e1e20f9db6ebfb88c844b092c22cd5324bdcf94bfa2fc1b391221", size = 10740055, upload-time = "2026-02-17T22:20:04.328Z" },
    { url = "https://files.pythonhosted.org/packages/d0/f8/e954b750764298c22fa4614376531fe63c521ef517e7059a51f062b87dca/pandas-3.0.1-cp314-cp314t-musllinux_1_2_aarch64.whl", hash = "sha256:331ca75a2f8672c365ae25c0b29e46f5ac0c6551fdace8eec4cd65e4fac271ff", size = 11357632, upload-time = "2026-02-17T22:20:06.647Z" },
    { url = "https://files.pythonhosted.org/packages/6d/02/c6e04b694ffd68568297abd03588b6d30295265176a5c01b7459d3bc35a3/pandas-3.0.1-cp314-cp314t-musllinux_1_2_x86_64.whl", hash = "sha256:15860b1fdb1973fffade772fdb931ccf9b2f400a3f5665aef94a00445d7d8dd5", size = 11810974, upload-time = "2026-02-17T22:20:08.946Z" },
    { url = "https://files.pythonhosted.org/packages/89/41/d7dfb63d2407f12055215070c42fc6ac41b66e90a2946cdc5e759058398b/pandas-3.0.1-cp314-cp314t-win_amd64.whl", hash = "sha256:44f1364411d5670efa692b146c748f4ed013df91ee91e9bec5677fb1fd58b937", size = 10884622, upload-time = "2026-02-17T22:20:11.711Z" },
    { url = "https://files.pythonhosted.org/packages/68/b0/34937815889fa982613775e4b97fddd13250f11012d769949c5465af2150/pandas-3.0.1-cp314-cp314t-win_arm64.whl", hash = "sha256:108dd1790337a494aa80e38def654ca3f0968cf4f362c85f44c15e471667102d", size = 9452085, upload-time = "2026-02-17T22:20:14.331Z" },
]

[[package]]
name = "pefile"
version = "2024.8.26"
source = { registry = "https://pypi.org/simple" }
sdist = { url = "https://files.pythonhosted.org/packages/03/4f/2750f7f6f025a1507cd3b7218691671eecfd0bbebebe8b39aa0fe1d360b8/pefile-2024.8.26.tar.gz", hash = "sha256:3ff6c5d8b43e8c37bb6e6dd5085658d658a7a0bdcd20b6a07b1fcfc1c4e9d632", size = 76008, upload-time = "2024-08-26T20:58:38.155Z" }
wheels = [
    { url = "https://files.pythonhosted.org/packages/54/16/12b82f791c7f50ddec566873d5bdd245baa1491bac11d15ffb98aecc8f8b/pefile-2024.8.26-py3-none-any.whl", hash = "sha256:76f8b485dcd3b1bb8166f1128d395fa3d87af26360c2358fb75b80019b957c6f", size = 74766, upload-time = "2024-08-26T21:01:02.632Z" },
]

[[package]]
name = "pyinstaller"
version = "6.19.0"
source = { registry = "https://pypi.org/simple" }
dependencies = [
    { name = "altgraph" },
    { name = "macholib", marker = "sys_platform == 'darwin'" },
    { name = "packaging" },
    { name = "pefile", marker = "sys_platform == 'win32'" },
    { name = "pyinstaller-hooks-contrib" },
    { name = "pywin32-ctypes", marker = "sys_platform == 'win32'" },
    { name = "setuptools" },
]
sdist = { url = "https://files.pythonhosted.org/packages/c8/63/fd62472b6371d89dc138d40c36d87a50dc2de18a035803bbdc376b4ffac4/pyinstaller-6.19.0.tar.gz", hash = "sha256:ec73aeb8bd9b7f2f1240d328a4542e90b3c6e6fbc106014778431c616592a865", size = 4036072, upload-time = "2026-02-14T18:06:28.718Z" }
wheels = [
    { url = "https://files.pythonhosted.org/packages/e3/eb/23374721fecfa72677e79800921cb6aceefa6ba48574dc404f3f6c6c3be7/pyinstaller-6.19.0-py3-none-macosx_10_13_universal2.whl", hash = "sha256:4190e76b74f0c4b5c5f11ac360928cd2e36ec8e3194d437bf6b8648c7bc0c134", size = 1040563, upload-time = "2026-02-14T18:05:22.436Z" },
    { url = "https://files.pythonhosted.org/packages/cd/7e/dfd724b0b533f5aaec0ee5df406fe2319987ed6964480a706f85478b12ea/pyinstaller-6.19.0-py3-none-manylinux2014_aarch64.whl", hash = "sha256:8bd68abd812d8a6ba33b9f1810e91fee0f325969733721b78151f0065319ca11", size = 735477, upload-time = "2026-02-14T18:05:27.143Z" },
    { url = "https://files.pythonhosted.org/packages/88/c9/ee3a4101c31f26344e66896c73c1fd6ed8282bf871473365b7f8674af406/pyinstaller-6.19.0-py3-none-manylinux2014_i686.whl", hash = "sha256:1ec54ef967996ca61dacba676227e2b23219878ccce5ee9d6f3aada7b8ed8abf", size = 747143, upload-time = "2026-02-14T18:05:31.488Z" },
    { url = "https://files.pythonhosted.org/packages/da/0a/fc77e9f861be8cf300ac37155f59cc92aff99b29f2ddd78546f563a5b5a6/pyinstaller-6.19.0-py3-none-manylinux2014_ppc64le.whl", hash = "sha256:4ab2bb52e58448e14ddf9450601bdedd66800465043501c1d8f1cab87b60b122", size = 744849, upload-time = "2026-02-14T18:05:35.492Z" },
    { url = "https://files.pythonhosted.org/packages/6d/e3/6872e020ee758afe0b821663858492c10745608b07150e5e2c824a5b3e1c/pyinstaller-6.19.0-py3-none-manylinux2014_s390x.whl", hash = "sha256:da6d5c6391ccefe73554b9fa29b86001c8e378e0f20c2a4004f836ba537eff63", size = 741590, upload-time = "2026-02-14T18:05:39.59Z" },
    { url = "https://files.pythonhosted.org/packages/53/60/b8db5f1a4b0fb228175f2ea0aa33f949adcc097fbe981cc524f9faf85777/pyinstaller-6.19.0-py3-none-manylinux2014_x86_64.whl", hash = "sha256:a0fc5f6b3c55aa54353f0c74ffa59b1115433c1850c6f655d62b461a2ed6cbbe", size = 741448, upload-time = "2026-02-14T18:05:45.636Z" },
    { url = "https://files.pythonhosted.org/packages/6f/4d/63b0600f2694e9141b83129fbc1c488ec84d5a0770b1448ec154dcd0fee9/pyinstaller-6.19.0-py3-none-musllinux_1_1_aarch64.whl", hash = "sha256:e649ba6bd1b0b89b210ad92adb5fbdc8a42dd2c5ca4f72ef3a0bfec83a424b83", size = 740613, upload-time = "2026-02-14T18:05:49.726Z" },
    { url = "https://files.pythonhosted.org/packages/01/d4/e812ad36178093a0e9fd4b8127577748dd85b0cb71de912229dca21fd741/pyinstaller-6.19.0-py3-none-musllinux_1_1_x86_64.whl", hash = "sha256:481a909c8e60c8692fc60fcb1344d984b44b943f8bc9682f2fcdae305ad297e6", size = 740350, upload-time = "2026-02-14T18:05:54.093Z" },
    { url = "https://files.pythonhosted.org/packages/52/03/b2c2ee41fb8e10fd2a45d21f5ec2ef25852cfb978dbf762972eed59e3d63/pyinstaller-6.19.0-py3-none-win32.whl", hash = "sha256:3c5c251054fe4cfaa04c34a363dcfbf811545438cb7198304cd444756bc2edd2", size = 1324317, upload-time = "2026-02-14T18:06:00.085Z" },
    { url = "https://files.pythonhosted.org/packages/9c/d3/6d5e62b8270e2b53a6065e281b3a7785079b00e9019c8019952828dd1669/pyinstaller-6.19.0-py3-none-win_amd64.whl", hash = "sha256:b5bb6536c6560330d364d91522250f254b107cf69129d9cbcd0e6727c570be33", size = 1384894, upload-time = "2026-02-14T18:06:06.425Z" },
    { url = "https://files.pythonhosted.org/packages/81/65/458cd523308a101a22fd2742893405030cc24994cc74b1b767cecf137160/pyinstaller-6.19.0-py3-none-win_arm64.whl", hash = "sha256:c2d5a539b0bfe6159d5522c8c70e1c0e487f22c2badae0f97d45246223b798ea", size = 1325374, upload-time = "2026-02-14T18:06:12.804Z" },
]

[[package]]
name = "pyinstaller-hooks-contrib"
version = "2026.3"
source = { registry = "https://pypi.org/simple" }
dependencies = [
    { name = "packaging" },
    { name = "setuptools" },
]
sdist = { url = "https://files.pythonhosted.org/packages/80/17/716326f6ba18d0663f7995ae369c23e50efebc22fbb054e9710a45688f61/pyinstaller_hooks_contrib-2026.3.tar.gz", hash = "sha256:800d3a198a49a6cd0de2d7fb795005fdca7a0222ed9cb47c0691abd1c27b9310", size = 172323, upload-time = "2026-03-09T22:44:06.345Z" }
wheels = [
    { url = "https://files.pythonhosted.org/packages/ed/19/781352446af28755f16ce52b2d97f7a6f2d7974ac34c00ca5cd8c40c9098/pyinstaller_hooks_contrib-2026.3-py3-none-any.whl", hash = "sha256:5ecd1068ad262afecadf07556279d2be52ca93a88b049fae17f1a2eb2969254a", size = 454625, upload-time = "2026-03-09T22:44:04.717Z" },
]

[[package]]
name = "python-dateutil"
version = "2.9.0.post0"
source = { registry = "https://pypi.org/simple" }
dependencies = [
    { name = "six" },
]
sdist = { url = "https://files.pythonhosted.org/packages/66/c0/0c8b6ad9f17a802ee498c46e004a0eb49bc148f2fd230864601a86dcf6db/python-dateutil-2.9.0.post0.tar.gz", hash = "sha256:37dd54208da7e1cd875388217d5e00ebd4179249f90fb72437e91a35459a0ad3", size = 342432, upload-time = "2024-03-01T18:36:20.211Z" }
wheels = [
    { url = "https://files.pythonhosted.org/packages/ec/57/56b9bcc3c9c6a792fcbaf139543cee77261f3651ca9da0c93f5c1221264b/python_dateutil-2.9.0.post0-py2.py3-none-any.whl", hash = "sha256:a8b2bc7bffae282281c8140a97d3aa9c14da0b136dfe83f850eea9a5f7470427", size = 229892, upload-time = "2024-03-01T18:36:18.57Z" },
]

[[package]]
name = "pywin32-ctypes"
version = "0.2.3"
source = { registry = "https://pypi.org/simple" }
sdist = { url = "https://files.pythonhosted.org/packages/85/9f/01a1a99704853cb63f253eea009390c88e7131c67e66a0a02099a8c917cb/pywin32-ctypes-0.2.3.tar.gz", hash = "sha256:d162dc04946d704503b2edc4d55f3dba5c1d539ead017afa00142c38b9885755", size = 29471, upload-time = "2024-08-14T10:15:34.626Z" }
wheels = [
    { url = "https://files.pythonhosted.org/packages/de/3d/8161f7711c017e01ac9f008dfddd9410dff3674334c233bde66e7ba65bbf/pywin32_ctypes-0.2.3-py3-none-any.whl", hash = "sha256:8a1513379d709975552d202d942d9837758905c8d01eb82b8bcc30918929e7b8", size = 30756, upload-time = "2024-08-14T10:15:33.187Z" },
]

[[package]]
name = "regex"
version = "2026.2.28"
source = { registry = "https://pypi.org/simple" }
sdist = { url = "https://files.pythonhosted.org/packages/8b/71/41455aa99a5a5ac1eaf311f5d8efd9ce6433c03ac1e0962de163350d0d97/regex-2026.2.28.tar.gz", hash = "sha256:a729e47d418ea11d03469f321aaf67cdee8954cde3ff2cf8403ab87951ad10f2", size = 415184, upload-time = "2026-02-28T02:19:42.792Z" }
wheels = [
    { url = "https://files.pythonhosted.org/packages/cf/03/691015f7a7cb1ed6dacb2ea5de5682e4858e05a4c5506b2839cd533bbcd6/regex-2026.2.28-cp314-cp314-macosx_10_13_universal2.whl", hash = "sha256:78454178c7df31372ea737996fb7f36b3c2c92cccc641d251e072478afb4babc", size = 489497, upload-time = "2026-02-28T02:18:30.889Z" },
    { url = "https://files.pythonhosted.org/packages/c6/ba/8db8fd19afcbfa0e1036eaa70c05f20ca8405817d4ad7a38a6b4c2f031ac/regex-2026.2.28-cp314-cp314-macosx_10_13_x86_64.whl", hash = "sha256:5d10303dd18cedfd4d095543998404df656088240bcfd3cd20a8f95b861f74bd", size = 291295, upload-time = "2026-02-28T02:18:33.426Z" },
    { url = "https://files.pythonhosted.org/packages/5a/79/9aa0caf089e8defef9b857b52fc53801f62ff868e19e5c83d4a96612eba1/regex-2026.2.28-cp314-cp314-macosx_11_0_arm64.whl", hash = "sha256:19a9c9e0a8f24f39d575a6a854d516b48ffe4cbdcb9de55cb0570a032556ecff", size = 289275, upload-time = "2026-02-28T02:18:35.247Z" },
    { url = "https://files.pythonhosted.org/packages/eb/26/ee53117066a30ef9c883bf1127eece08308ccf8ccd45c45a966e7a665385/regex-2026.2.28-cp314-cp314-manylinux2014_aarch64.manylinux_2_17_aarch64.manylinux_2_28_aarch64.whl", hash = "sha256:09500be324f49b470d907b3ef8af9afe857f5cca486f853853f7945ddbf75911", size = 797176, upload-time = "2026-02-28T02:18:37.15Z" },
    { url = "https://files.pythonhosted.org/packages/05/1b/67fb0495a97259925f343ae78b5d24d4a6624356ae138b57f18bd43006e4/regex-2026.2.28-cp314-cp314-manylinux2014_ppc64le.manylinux_2_17_ppc64le.manylinux_2_28_ppc64le.whl", hash = "sha256:fb1c4ff62277d87a7335f2c1ea4e0387b8f2b3ad88a64efd9943906aafad4f33", size = 863813, upload-time = "2026-02-28T02:18:39.478Z" },
    { url = "https://files.pythonhosted.org/packages/a0/1d/93ac9bbafc53618091c685c7ed40239a90bf9f2a82c983f0baa97cb7ae07/regex-2026.2.28-cp314-cp314-manylinux2014_s390x.manylinux_2_17_s390x.manylinux_2_28_s390x.whl", hash = "sha256:b8b3f1be1738feadc69f62daa250c933e85c6f34fa378f54a7ff43807c1b9117", size = 908678, upload-time = "2026-02-28T02:18:41.619Z" },
    { url = "https://files.pythonhosted.org/packages/c7/7a/a8f5e0561702b25239846a16349feece59712ae20598ebb205580332a471/regex-2026.2.28-cp314-cp314-manylinux2014_x86_64.manylinux_2_17_x86_64.manylinux_2_28_x86_64.whl", hash = "sha256:dc8ed8c3f41c27acb83f7b6a9eb727a73fc6663441890c5cb3426a5f6a91ce7d", size = 801528, upload-time = "2026-02-28T02:18:43.624Z" },
    { url = "https://files.pythonhosted.org/packages/96/5d/ed6d4cbde80309854b1b9f42d9062fee38ade15f7eb4909f6ef2440403b5/regex-2026.2.28-cp314-cp314-manylinux_2_31_riscv64.manylinux_2_39_riscv64.whl", hash = "sha256:fa539be029844c0ce1114762d2952ab6cfdd7c7c9bd72e0db26b94c3c36dcc5a", size = 775373, upload-time = "2026-02-28T02:18:46.102Z" },
    { url = "https://files.pythonhosted.org/packages/6a/e9/6e53c34e8068b9deec3e87210086ecb5b9efebdefca6b0d3fa43d66dcecb/regex-2026.2.28-cp314-cp314-musllinux_1_2_aarch64.whl", hash = "sha256:7900157786428a79615a8264dac1f12c9b02957c473c8110c6b1f972dcecaddf", size = 784859, upload-time = "2026-02-28T02:18:48.269Z" },
    { url = "https://files.pythonhosted.org/packages/48/3c/736e1c7ca7f0dcd2ae33819888fdc69058a349b7e5e84bc3e2f296bbf794/regex-2026.2.28-cp314-cp314-musllinux_1_2_ppc64le.whl", hash = "sha256:0b1d2b07614d95fa2bf8a63fd1e98bd8fa2b4848dc91b1efbc8ba219fdd73952", size = 857813, upload-time = "2026-02-28T02:18:50.576Z" },
    { url = "https://files.pythonhosted.org/packages/6e/7c/48c4659ad9da61f58e79dbe8c05223e0006696b603c16eb6b5cbfbb52c27/regex-2026.2.28-cp314-cp314-musllinux_1_2_riscv64.whl", hash = "sha256:b389c61aa28a79c2e0527ac36da579869c2e235a5b208a12c5b5318cda2501d8", size = 763705, upload-time = "2026-02-28T02:18:52.59Z" },
    { url = "https://files.pythonhosted.org/packages/cf/a1/bc1c261789283128165f71b71b4b221dd1b79c77023752a6074c102f18d8/regex-2026.2.28-cp314-cp314-musllinux_1_2_s390x.whl", hash = "sha256:f467cb602f03fbd1ab1908f68b53c649ce393fde056628dc8c7e634dab6bfc07", size = 848734, upload-time = "2026-02-28T02:18:54.595Z" },
    { url = "https://files.pythonhosted.org/packages/10/d8/979407faf1397036e25a5ae778157366a911c0f382c62501009f4957cf86/regex-2026.2.28-cp314-cp314-musllinux_1_2_x86_64.whl", hash = "sha256:e8c8cb2deba42f5ec1ede46374e990f8adc5e6456a57ac1a261b19be6f28e4e6", size = 789871, upload-time = "2026-02-28T02:18:57.34Z" },
    { url = "https://files.pythonhosted.org/packages/03/23/da716821277115fcb1f4e3de1e5dc5023a1e6533598c486abf5448612579/regex-2026.2.28-cp314-cp314-win32.whl", hash = "sha256:9036b400b20e4858d56d117108d7813ed07bb7803e3eed766675862131135ca6", size = 271825, upload-time = "2026-02-28T02:18:59.202Z" },
    { url = "https://files.pythonhosted.org/packages/91/ff/90696f535d978d5f16a52a419be2770a8d8a0e7e0cfecdbfc31313df7fab/regex-2026.2.28-cp314-cp314-win_amd64.whl", hash = "sha256:1d367257cd86c1cbb97ea94e77b373a0bbc2224976e247f173d19e8f18b4afa7", size = 280548, upload-time = "2026-02-28T02:19:01.049Z" },
    { url = "https://files.pythonhosted.org/packages/69/f9/5e1b5652fc0af3fcdf7677e7df3ad2a0d47d669b34ac29a63bb177bb731b/regex-2026.2.28-cp314-cp314-win_arm64.whl", hash = "sha256:5e68192bb3a1d6fb2836da24aa494e413ea65853a21505e142e5b1064a595f3d", size = 273444, upload-time = "2026-02-28T02:19:03.255Z" },
    { url = "https://files.pythonhosted.org/packages/d3/eb/8389f9e940ac89bcf58d185e230a677b4fd07c5f9b917603ad5c0f8fa8fe/regex-2026.2.28-cp314-cp314t-macosx_10_13_universal2.whl", hash = "sha256:a5dac14d0872eeb35260a8e30bac07ddf22adc1e3a0635b52b02e180d17c9c7e", size = 492546, upload-time = "2026-02-28T02:19:05.378Z" },
    { url = "https://files.pythonhosted.org/packages/7b/c7/09441d27ce2a6fa6a61ea3150ea4639c1dcda9b31b2ea07b80d6937b24dd/regex-2026.2.28-cp314-cp314t-macosx_10_13_x86_64.whl", hash = "sha256:ec0c608b7a7465ffadb344ed7c987ff2f11ee03f6a130b569aa74d8a70e8333c", size = 292986, upload-time = "2026-02-28T02:19:07.24Z" },
    { url = "https://files.pythonhosted.org/packages/fb/69/4144b60ed7760a6bd235e4087041f487aa4aa62b45618ce018b0c14833ea/regex-2026.2.28-cp314-cp314t-macosx_11_0_arm64.whl", hash = "sha256:c7815afb0ca45456613fdaf60ea9c993715511c8d53a83bc468305cbc0ee23c7", size = 291518, upload-time = "2026-02-28T02:19:09.698Z" },
    { url = "https://files.pythonhosted.org/packages/2d/be/77e5426cf5948c82f98c53582009ca9e94938c71f73a8918474f2e2990bb/regex-2026.2.28-cp314-cp314t-manylinux2014_aarch64.manylinux_2_17_aarch64.manylinux_2_28_aarch64.whl", hash = "sha256:b059e71ec363968671693a78c5053bd9cb2fe410f9b8e4657e88377ebd603a2e", size = 809464, upload-time = "2026-02-28T02:19:12.494Z" },
    { url = "https://files.pythonhosted.org/packages/45/99/2c8c5ac90dc7d05c6e7d8e72c6a3599dc08cd577ac476898e91ca787d7f1/regex-2026.2.28-cp314-cp314t-manylinux2014_ppc64le.manylinux_2_17_ppc64le.manylinux_2_28_ppc64le.whl", hash = "sha256:b8cf76f1a29f0e99dcfd7aef1551a9827588aae5a737fe31442021165f1920dc", size = 869553, upload-time = "2026-02-28T02:19:15.151Z" },
    { url = "https://files.pythonhosted.org/packages/53/34/daa66a342f0271e7737003abf6c3097aa0498d58c668dbd88362ef94eb5d/regex-2026.2.28-cp314-cp314t-manylinux2014_s390x.manylinux_2_17_s390x.manylinux_2_28_s390x.whl", hash = "sha256:180e08a435a0319e6a4821c3468da18dc7001987e1c17ae1335488dfe7518dd8", size = 915289, upload-time = "2026-02-28T02:19:17.331Z" },
    { url = "https://files.pythonhosted.org/packages/c5/c7/e22c2aaf0a12e7e22ab19b004bb78d32ca1ecc7ef245949935463c5567de/regex-2026.2.28-cp314-cp314t-manylinux2014_x86_64.manylinux_2_17_x86_64.manylinux_2_28_x86_64.whl", hash = "sha256:1e496956106fd59ba6322a8ea17141a27c5040e5ee8f9433ae92d4e5204462a0", size = 812156, upload-time = "2026-02-28T02:19:20.011Z" },
    { url = "https://files.pythonhosted.org/packages/7f/bb/2dc18c1efd9051cf389cd0d7a3a4d90f6804b9fff3a51b5dc3c85b935f71/regex-2026.2.28-cp314-cp314t-manylinux_2_31_riscv64.manylinux_2_39_riscv64.whl", hash = "sha256:bba2b18d70eeb7b79950f12f633beeecd923f7c9ad6f6bae28e59b4cb3ab046b", size = 782215, upload-time = "2026-02-28T02:19:22.047Z" },
    { url = "https://files.pythonhosted.org/packages/17/1e/9e4ec9b9013931faa32226ec4aa3c71fe664a6d8a2b91ac56442128b332f/regex-2026.2.28-cp314-cp314t-musllinux_1_2_aarch64.whl", hash = "sha256:6db7bfae0f8a2793ff1f7021468ea55e2699d0790eb58ee6ab36ae43aa00bc5b", size = 798925, upload-time = "2026-02-28T02:19:24.173Z" },
    { url = "https://files.pythonhosted.org/packages/71/57/a505927e449a9ccb41e2cc8d735e2abe3444b0213d1cf9cb364a8c1f2524/regex-2026.2.28-cp314-cp314t-musllinux_1_2_ppc64le.whl", hash = "sha256:d0b02e8b7e5874b48ae0f077ecca61c1a6a9f9895e9c6dfb191b55b242862033", size = 864701, upload-time = "2026-02-28T02:19:26.376Z" },
    { url = "https://files.pythonhosted.org/packages/a6/ad/c62cb60cdd93e13eac5b3d9d6bd5d284225ed0e3329426f94d2552dd7cca/regex-2026.2.28-cp314-cp314t-musllinux_1_2_riscv64.whl", hash = "sha256:25b6eb660c5cf4b8c3407a1ed462abba26a926cc9965e164268a3267bcc06a43", size = 770899, upload-time = "2026-02-28T02:19:29.38Z" },
    { url = "https://files.pythonhosted.org/packages/3c/5a/874f861f5c3d5ab99633e8030dee1bc113db8e0be299d1f4b07f5b5ec349/regex-2026.2.28-cp314-cp314t-musllinux_1_2_s390x.whl", hash = "sha256:5a932ea8ad5d0430351ff9c76c8db34db0d9f53c1d78f06022a21f4e290c5c18", size = 854727, upload-time = "2026-02-28T02:19:31.494Z" },
    { url = "https://files.pythonhosted.org/packages/6b/ca/d2c03b0efde47e13db895b975b2be6a73ed90b8ba963677927283d43bf74/regex-2026.2.28-cp314-cp314t-musllinux_1_2_x86_64.whl", hash = "sha256:1c2c95e1a2b0f89d01e821ff4de1be4b5d73d1f4b0bf679fa27c1ad8d2327f1a", size = 800366, upload-time = "2026-02-28T02:19:34.248Z" },
    { url = "https://files.pythonhosted.org/packages/14/bd/ee13b20b763b8989f7c75d592bfd5de37dc1181814a2a2747fedcf97e3ba/regex-2026.2.28-cp314-cp314t-win32.whl", hash = "sha256:bbb882061f742eb5d46f2f1bd5304055be0a66b783576de3d7eef1bed4778a6e", size = 274936, upload-time = "2026-02-28T02:19:36.313Z" },
    { url = "https://files.pythonhosted.org/packages/cb/e7/d8020e39414c93af7f0d8688eabcecece44abfd5ce314b21dfda0eebd3d8/regex-2026.2.28-cp314-cp314t-win_amd64.whl", hash = "sha256:6591f281cb44dc13de9585b552cec6fc6cf47fb2fe7a48892295ee9bc4a612f9", size = 284779, upload-time = "2026-02-28T02:19:38.625Z" },
    { url = "https://files.pythonhosted.org/packages/13/c0/ad225f4a405827486f1955283407cf758b6d2fb966712644c5f5aef33d1b/regex-2026.2.28-cp314-cp314t-win_arm64.whl", hash = "sha256:dee50f1be42222f89767b64b283283ef963189da0dda4a515aa54a5563c62dec", size = 275010, upload-time = "2026-02-28T02:19:40.65Z" },
]

[[package]]
name = "setuptools"
version = "82.0.1"
source = { registry = "https://pypi.org/simple" }
sdist = { url = "https://files.pythonhosted.org/packages/4f/db/cfac1baf10650ab4d1c111714410d2fbb77ac5a616db26775db562c8fab2/setuptools-82.0.1.tar.gz", hash = "sha256:7d872682c5d01cfde07da7bccc7b65469d3dca203318515ada1de5eda35efbf9", size = 1152316, upload-time = "2026-03-09T12:47:17.221Z" }
wheels = [
    { url = "https://files.pythonhosted.org/packages/9d/76/f789f7a86709c6b087c5a2f52f911838cad707cc613162401badc665acfe/setuptools-82.0.1-py3-none-any.whl", hash = "sha256:a59e362652f08dcd477c78bb6e7bd9d80a7995bc73ce773050228a348ce2e5bb", size = 1006223, upload-time = "2026-03-09T12:47:15.026Z" },
]

[[package]]
name = "six"
version = "1.17.0"
source = { registry = "https://pypi.org/simple" }
sdist = { url = "https://files.pythonhosted.org/packages/94/e7/b2c673351809dca68a0e064b6af791aa332cf192da575fd474ed7d6f16a2/six-1.17.0.tar.gz", hash = "sha256:ff70335d468e7eb6ec65b95b99d3a2836546063f63acc5171de367e834932a81", size = 34031, upload-time = "2024-12-04T17:35:28.174Z" }
wheels = [
    { url = "https://files.pythonhosted.org/packages/b7/ce/149a00dd41f10bc29e5921b496af8b574d8413afcd5e30dfa0ed46c2cc5e/six-1.17.0-py2.py3-none-any.whl", hash = "sha256:4721f391ed90541fddacab5acf947aa0d3dc7d27b2e1e8eda2be8970586c3274", size = 11050, upload-time = "2024-12-04T17:35:26.475Z" },
]

[[package]]
name = "strenum"
version = "0.4.15"
source = { registry = "https://pypi.org/simple" }
sdist = { url = "https://files.pythonhosted.org/packages/85/ad/430fb60d90e1d112a62ff57bdd1f286ec73a2a0331272febfddd21f330e1/StrEnum-0.4.15.tar.gz", hash = "sha256:878fb5ab705442070e4dd1929bb5e2249511c0bcf2b0eeacf3bcd80875c82eff", size = 23384, upload-time = "2023-06-29T22:02:58.399Z" }
wheels = [
    { url = "https://files.pythonhosted.org/packages/81/69/297302c5f5f59c862faa31e6cb9a4cd74721cd1e052b38e464c5b402df8b/StrEnum-0.4.15-py3-none-any.whl", hash = "sha256:a30cda4af7cc6b5bf52c8055bc4bf4b2b6b14a93b574626da33df53cf7740659", size = 8851, upload-time = "2023-06-29T22:02:56.947Z" },
]

[[package]]
name = "tzdata"
version = "2025.3"
source = { registry = "https://pypi.org/simple" }
sdist = { url = "https://files.pythonhosted.org/packages/5e/a7/c202b344c5ca7daf398f3b8a477eeb205cf3b6f32e7ec3a6bac0629ca975/tzdata-2025.3.tar.gz", hash = "sha256:de39c2ca5dc7b0344f2eba86f49d614019d29f060fc4ebc8a417896a620b56a7", size = 196772, upload-time = "2025-12-13T17:45:35.667Z" }
wheels = [
    { url = "https://files.pythonhosted.org/packages/c7/b0/003792df09decd6849a5e39c28b513c06e84436a54440380862b5aeff25d/tzdata-2025.3-py2.py3-none-any.whl", hash = "sha256:06a47e5700f3081aab02b2e513160914ff0694bce9947d6b76ebd6bf57cfc5d1", size = 348521, upload-time = "2025-12-13T17:45:33.889Z" },
]

[[package]]
name = "xlsxwriter"
version = "3.2.9"
source = { registry = "https://pypi.org/simple" }
sdist = { url = "https://files.pythonhosted.org/packages/46/2c/c06ef49dc36e7954e55b802a8b231770d286a9758b3d936bd1e04ce5ba88/xlsxwriter-3.2.9.tar.gz", hash = "sha256:254b1c37a368c444eac6e2f867405cc9e461b0ed97a3233b2ac1e574efb4140c", size = 215940, upload-time = "2025-09-16T00:16:21.63Z" }
wheels = [
    { url = "https://files.pythonhosted.org/packages/3a/0c/3662f4a66880196a590b202f0db82d919dd2f89e99a27fadef91c4a33d41/xlsxwriter-3.2.9-py3-none-any.whl", hash = "sha256:9a5db42bc5dff014806c58a20b9eae7322a134abb6fce3c92c181bfb275ec5b3", size = 175315, upload-time = "2025-09-16T00:16:20.108Z" },
]
